
Microsoft Visual Studio Solution File, Format Version 12.00
# Visual Studio 15
Project("{FAE04EC0-301F-11D3-BF4B-00C04F79EFBC}") = "VogCodeChallenge.API", "VogCodeChallenge.API\VogCodeChallenge.API.csproj", "{1DF5B2C4-3D08-4CE6-99A1-8BDB8E0CAF72}"
EndProject
Project("{FAE04EC0-301F-11D3-BF4B-00C04F79EFBC}") = "VogCodeChallenge.API.tests", "VogCodeChallenge.API.tests\VogCodeChallenge.API.tests.csproj", "{1355785A-6B46-4196-A0B5-BF7A3FF42320}"
EndProject
Project("{E53339B2-1760-4266-BCC7-CA923CBCF16C}") = "docker-compose", "docker-compose.dcproj", "{1612903C-4FC4-4050-B0F5-7BA0714B698C}"
EndProject
Project("{FAE04EC0-301F-11D3-BF4B-00C04F79EFBC}") = "VogCodeChallenge.ConsoleQuestion", "VogCodeChallenge.Console\VogCodeChallenge.ConsoleQuestion.csproj", "{B28B3637-A8C0-4FAC-87F8-AE907F60F895}"
EndProject
Global
	GlobalSection(SolutionConfigurationPlatforms) = preSolution
		Debug|Any CPU = Debug|Any CPU
		Release|Any CPU = Release|Any CPU
	EndGlobalSection
	GlobalSection(ProjectConfigurationPlatforms) = postSolution
		{1DF5B2C4-3D08-4CE6-99A1-8BDB8E0CAF72}.Debug|Any CPU.ActiveCfg = Debug|Any CPU
		{1DF5B2C4-3D08-4CE6-99A1-8BDB8E0CAF72}.Debug|Any CPU.Build.0 = Debug|Any CPU
		{1DF5B2C4-3D08-4CE6-99A1-8BDB8E0CAF72}.Release|Any CPU.ActiveCfg = Release|Any CPU
		{1DF5B2C4-3D08-4CE6-99A1-8BDB8E0CAF72}.Release|Any CPU.Build.0 = Release|Any CPU
		{1355785A-6B46-4196-A0B5-BF7A3FF42320}.Debug|Any CPU.ActiveCfg = Debug|Any CPU
		{1355785A-6B46-4196-A0B5-BF7A3FF42320}.Debug|Any CPU.Build.0 = Debug|Any CPU
		{1355785A-6B46-4196-A0B5-BF7A3FF42320}.Release|Any CPU.ActiveCfg = Release|Any CPU
		{1355785A-6B46-4196-A0B5-BF7A3FF42320}.Release|Any CPU.Build.0 = Release|Any CPU
		{1612903C-4FC4-4050-B0F5-7BA0714B698C}.Debug|Any CPU.ActiveCfg = Debug|Any CPU
		{1612903C-4FC4-4050-B0F5-7BA0714B698C}.Debug|Any CPU.Build.0 = Debug|Any CPU
		{1612903C-4FC4-4050-B0F5-7BA0714B698C}.Release|Any CPU.ActiveCfg = Release|Any CPU
		{1612903C-4FC4-4050-B0F5-7BA0714B698C}.Release|Any CPU.Build.0 = Release|Any CPU
		{B28B3637-A8C0-4FAC-87F8-AE907F60F895}.Debug|Any CPU.ActiveCfg = Debug|Any CPU
		{B28B3637-A8C0-4FAC-87F8-AE907F60F895}.Debug|Any CPU.Build.0 = Debug|Any CPU
		{B28B3637-A8C0-4FAC-87F8-AE907F60F895}.Release|Any CPU.ActiveCfg = Release|Any CPU
		{B28B3637-A8C0-4FAC-87F8-AE907F60F895}.Release|Any CPU.Build.0 = Release|Any CPU
	EndGlobalSection
EndGlobal
