
Microsoft Visual Studio Solution File, Format Version 12.00
# Visual Studio 15
Project("{FAE04EC0-301F-11D3-BF4B-00C04F79EFBC}") = "VogCodeChallenge.API", "VogCodeChallenge.API\VogCodeChallenge.API.csproj", "{1DF5B2C4-3D08-4CE6-99A1-8BDB8E0CAF72}"
EndProject
Global
	GlobalSection(SolutionConfigurationPlatforms) = preSolution
		Debug|Any CPU = Debug|Any CPU
		Release|Any CPU = Release|Any CPU
	EndGlobalSection
	GlobalSection(ProjectConfigurationPlatforms) = postSolution
		{1DF5B2C4-3D08-4CE6-99A1-8BDB8E0CAF72}.Debug|Any CPU.ActiveCfg = Debug|Any CPU
		{1DF5B2C4-3D08-4CE6-99A1-8BDB8E0CAF72}.Debug|Any CPU.Build.0 = Debug|Any CPU
		{1DF5B2C4-3D08-4CE6-99A1-8BDB8E0CAF72}.Release|Any CPU.ActiveCfg = Release|Any CPU
		{1DF5B2C4-3D08-4CE6-99A1-8BDB8E0CAF72}.Release|Any CPU.Build.0 = Release|Any CPU
	EndGlobalSection
EndGlobal
